
Microsoft Visual Studio Solution File, Format Version 12.00
# Visual Studio Version 17
VisualStudioVersion = 17.13.35806.99 d17.13
MinimumVisualStudioVersion = 10.0.40219.1
Project("{FAE04EC0-301F-11D3-BF4B-00C04F79EFBC}") = "Medic", "Medic.csproj", "{BA8AE667-20EC-4002-9FBD-46E5F43100D7}"
EndProject
Global
	GlobalSection(SolutionConfigurationPlatforms) = preSolution
		Debug|Any CPU = Debug|Any CPU
		Release|Any CPU = Release|Any CPU
	EndGlobalSection
	GlobalSection(ProjectConfigurationPlatforms) = postSolution
		{BA8AE667-20EC-4002-9FBD-46E5F43100D7}.Debug|Any CPU.ActiveCfg = Debug|Any CPU
		{BA8AE667-20EC-4002-9FBD-46E5F43100D7}.Debug|Any CPU.Build.0 = Debug|Any CPU
		{BA8AE667-20EC-4002-9FBD-46E5F43100D7}.Release|Any CPU.ActiveCfg = Release|Any CPU
		{BA8AE667-20EC-4002-9FBD-46E5F43100D7}.Release|Any CPU.Build.0 = Release|Any CPU
	EndGlobalSection
	GlobalSection(SolutionProperties) = preSolution
		HideSolutionNode = FALSE
	EndGlobalSection
	GlobalSection(ExtensibilityGlobals) = postSolution
		SolutionGuid = {832F3266-6D66-474C-B578-63C452E12433}
	EndGlobalSection
EndGlobal
